// !$*UTF8*$!
{
	archiveVersion = 1;
	classes = {
	};
	objectVersion = 46;
	objects = {

/* Begin PBXBuildFile section */
		6064A3BF1DE058B3004F9048 /* main.cpp in Sources */ = {isa = PBXBuildFile; fileRef = 6064A3BC1DE058B3004F9048 /* main.cpp */; };
		6064A3C21DE058CF004F9048 /* OpenGL.framework in Frameworks */ = {isa = PBXBuildFile; fileRef = 6064A3C11DE058CF004F9048 /* OpenGL.framework */; };
		6064A3C41DE058D5004F9048 /* GLUT.framework in Frameworks */ = {isa = PBXBuildFile; fileRef = 6064A3C31DE058D5004F9048 /* GLUT.framework */; };
/* End PBXBuildFile section */

/* Begin PBXCopyFilesBuildPhase section */
		603699941DDF95020047BF46 /* CopyFiles */ = {
			isa = PBXCopyFilesBuildPhase;
			buildActionMask = 2147483647;
			dstPath = /usr/share/man/man1/;
			dstSubfolderSpec = 0;
			files = (
			);
			runOnlyForDeploymentPostprocessing = 1;
		};
/* End PBXCopyFilesBuildPhase section */

/* Begin PBXFileReference section */
		603699961DDF95020047BF46 /* Camera Calibration */ = {isa = PBXFileReference; explicitFileType = "compiled.mach-o.executable"; includeInIndex = 0; path = "Camera Calibration"; sourceTree = BUILT_PRODUCTS_DIR; };
		6064A3BB1DE058B3004F9048 /* Disparity_data.h */ = {isa = PBXFileReference; fileEncoding = 4; lastKnownFileType = sourcecode.c.h; path = Disparity_data.h; sourceTree = "<group>"; };
		6064A3BC1DE058B3004F9048 /* main.cpp */ = {isa = PBXFileReference; fileEncoding = 4; lastKnownFileType = sourcecode.cpp.cpp; path = main.cpp; sourceTree = "<group>"; };
		6064A3BD1DE058B3004F9048 /* main.h */ = {isa = PBXFileReference; fileEncoding = 4; lastKnownFileType = sourcecode.c.h; path = main.h; sourceTree = "<group>"; };
		6064A3BE1DE058B3004F9048 /* renderIt_3D.h */ = {isa = PBXFileReference; fileEncoding = 4; lastKnownFileType = sourcecode.c.h; path = renderIt_3D.h; sourceTree = "<group>"; };
		6064A3C11DE058CF004F9048 /* OpenGL.framework */ = {isa = PBXFileReference; lastKnownFileType = wrapper.framework; name = OpenGL.framework; path = System/Library/Frameworks/OpenGL.framework; sourceTree = SDKROOT; };
		6064A3C31DE058D5004F9048 /* GLUT.framework */ = {isa = PBXFileReference; lastKnownFileType = wrapper.framework; name = GLUT.framework; path = System/Library/Frameworks/GLUT.framework; sourceTree = SDKROOT; };
/* End PBXFileReference section */

/* Begin PBXFrameworksBuildPhase section */
		603699931DDF95020047BF46 /* Frameworks */ = {
			isa = PBXFrameworksBuildPhase;
			buildActionMask = 2147483647;
			files = (
				6064A3C41DE058D5004F9048 /* GLUT.framework in Frameworks */,
				6064A3C21DE058CF004F9048 /* OpenGL.framework in Frameworks */,
			);
			runOnlyForDeploymentPostprocessing = 0;
		};
/* End PBXFrameworksBuildPhase section */

/* Begin PBXGroup section */
		6036998D1DDF95020047BF46 = {
			isa = PBXGroup;
			children = (
				603699981DDF95020047BF46 /* Camera Calibration */,
				603699971DDF95020047BF46 /* Products */,
				6064A3C01DE058CE004F9048 /* Frameworks */,
			);
			sourceTree = "<group>";
		};
		603699971DDF95020047BF46 /* Products */ = {
			isa = PBXGroup;
			children = (
				603699961DDF95020047BF46 /* Camera Calibration */,
			);
			name = Products;
			sourceTree = "<group>";
		};
		603699981DDF95020047BF46 /* Camera Calibration */ = {
			isa = PBXGroup;
			children = (
				6064A3BB1DE058B3004F9048 /* Disparity_data.h */,
				6064A3BC1DE058B3004F9048 /* main.cpp */,
				6064A3BD1DE058B3004F9048 /* main.h */,
				6064A3BE1DE058B3004F9048 /* renderIt_3D.h */,
			);
			path = "Camera Calibration";
			sourceTree = "<group>";
		};
		6064A3C01DE058CE004F9048 /* Frameworks */ = {
			isa = PBXGroup;
			children = (
				6064A3C31DE058D5004F9048 /* GLUT.framework */,
				6064A3C11DE058CF004F9048 /* OpenGL.framework */,
			);
			name = Frameworks;
			sourceTree = "<group>";
		};
/* End PBXGroup section */

/* Begin PBXNativeTarget section */
		603699951DDF95020047BF46 /* Camera Calibration */ = {
			isa = PBXNativeTarget;
			buildConfigurationList = 6036999D1DDF95020047BF46 /* Build configuration list for PBXNativeTarget "Camera Calibration" */;
			buildPhases = (
				603699921DDF95020047BF46 /* Sources */,
				603699931DDF95020047BF46 /* Frameworks */,
				603699941DDF95020047BF46 /* CopyFiles */,
			);
			buildRules = (
			);
			dependencies = (
			);
			name = "Camera Calibration";
			productName = "Camera Calibration";
			productReference = 603699961DDF95020047BF46 /* Camera Calibration */;
			productType = "com.apple.product-type.tool";
		};
/* End PBXNativeTarget section */

/* Begin PBXProject section */
		6036998E1DDF95020047BF46 /* Project object */ = {
			isa = PBXProject;
			attributes = {
				LastUpgradeCheck = 0810;
				ORGANIZATIONNAME = "Madhusudan Govindraju";
				TargetAttributes = {
					603699951DDF95020047BF46 = {
						CreatedOnToolsVersion = 8.1;
						ProvisioningStyle = Automatic;
					};
				};
			};
			buildConfigurationList = 603699911DDF95020047BF46 /* Build configuration list for PBXProject "Camera Calibration" */;
			compatibilityVersion = "Xcode 3.2";
			developmentRegion = English;
			hasScannedForEncodings = 0;
			knownRegions = (
				en,
			);
			mainGroup = 6036998D1DDF95020047BF46;
			productRefGroup = 603699971DDF95020047BF46 /* Products */;
			projectDirPath = "";
			projectRoot = "";
			targets = (
				603699951DDF95020047BF46 /* Camera Calibration */,
			);
		};
/* End PBXProject section */

/* Begin PBXSourcesBuildPhase section */
		603699921DDF95020047BF46 /* Sources */ = {
			isa = PBXSourcesBuildPhase;
			buildActionMask = 2147483647;
			files = (
				6064A3BF1DE058B3004F9048 /* main.cpp in Sources */,
			);
			runOnlyForDeploymentPostprocessing = 0;
		};
/* End PBXSourcesBuildPhase section */

/* Begin XCBuildConfiguration section */
		6036999B1DDF95020047BF46 /* Debug */ = {
			isa = XCBuildConfiguration;
			buildSettings = {
				ALWAYS_SEARCH_USER_PATHS = NO;
				CLANG_ANALYZER_NONNULL = YES;
				CLANG_CXX_LANGUAGE_STANDARD = "gnu++0x";
				CLANG_CXX_LIBRARY = "libc++";
				CLANG_ENABLE_MODULES = YES;
				CLANG_ENABLE_OBJC_ARC = YES;
				CLANG_WARN_BOOL_CONVERSION = YES;
				CLANG_WARN_CONSTANT_CONVERSION = YES;
				CLANG_WARN_DIRECT_OBJC_ISA_USAGE = YES_ERROR;
				CLANG_WARN_DOCUMENTATION_COMMENTS = YES;
				CLANG_WARN_EMPTY_BODY = YES;
				CLANG_WARN_ENUM_CONVERSION = YES;
				CLANG_WARN_INFINITE_RECURSION = YES;
				CLANG_WARN_INT_CONVERSION = YES;
				CLANG_WARN_OBJC_ROOT_CLASS = YES_ERROR;
				CLANG_WARN_SUSPICIOUS_MOVES = YES;
				CLANG_WARN_UNREACHABLE_CODE = YES;
				CLANG_WARN__DUPLICATE_METHOD_MATCH = YES;
				CODE_SIGN_IDENTITY = "-";
				COPY_PHASE_STRIP = NO;
				DEBUG_INFORMATION_FORMAT = dwarf;
				ENABLE_STRICT_OBJC_MSGSEND = YES;
				ENABLE_TESTABILITY = YES;
				GCC_C_LANGUAGE_STANDARD = gnu99;
				GCC_DYNAMIC_NO_PIC = NO;
				GCC_NO_COMMON_BLOCKS = YES;
				GCC_OPTIMIZATION_LEVEL = 0;
				GCC_PREPROCESSOR_DEFINITIONS = (
					"DEBUG=1",
					"$(inherited)",
				);
				GCC_WARN_64_TO_32_BIT_CONVERSION = YES;
				GCC_WARN_ABOUT_RETURN_TYPE = YES_ERROR;
				GCC_WARN_UNDECLARED_SELECTOR = YES;
				GCC_WARN_UNINITIALIZED_AUTOS = YES_AGGRESSIVE;
				GCC_WARN_UNUSED_FUNCTION = YES;
				GCC_WARN_UNUSED_VARIABLE = YES;
				MACOSX_DEPLOYMENT_TARGET = 10.11;
				MTL_ENABLE_DEBUG_INFO = YES;
				ONLY_ACTIVE_ARCH = YES;
				SDKROOT = macosx;
			};
			name = Debug;
		};
		6036999C1DDF95020047BF46 /* Release */ = {
			isa = XCBuildConfiguration;
			buildSettings = {
				ALWAYS_SEARCH_USER_PATHS = NO;
				CLANG_ANALYZER_NONNULL = YES;
				CLANG_CXX_LANGUAGE_STANDARD = "gnu++0x";
				CLANG_CXX_LIBRARY = "libc++";
				CLANG_ENABLE_MODULES = YES;
				CLANG_ENABLE_OBJC_ARC = YES;
				CLANG_WARN_BOOL_CONVERSION = YES;
				CLANG_WARN_CONSTANT_CONVERSION = YES;
				CLANG_WARN_DIRECT_OBJC_ISA_USAGE = YES_ERROR;
				CLANG_WARN_DOCUMENTATION_COMMENTS = YES;
				CLANG_WARN_EMPTY_BODY = YES;
				CLANG_WARN_ENUM_CONVERSION = YES;
				CLANG_WARN_INFINITE_RECURSION = YES;
				CLANG_WARN_INT_CONVERSION = YES;
				CLANG_WARN_OBJC_ROOT_CLASS = YES_ERROR;
				CLANG_WARN_SUSPICIOUS_MOVES = YES;
				CLANG_WARN_UNREACHABLE_CODE = YES;
				CLANG_WARN__DUPLICATE_METHOD_MATCH = YES;
				CODE_SIGN_IDENTITY = "-";
				COPY_PHASE_STRIP = NO;
				DEBUG_INFORMATION_FORMAT = "dwarf-with-dsym";
				ENABLE_NS_ASSERTIONS = NO;
				ENABLE_STRICT_OBJC_MSGSEND = YES;
				GCC_C_LANGUAGE_STANDARD = gnu99;
				GCC_NO_COMMON_BLOCKS = YES;
				GCC_WARN_64_TO_32_BIT_CONVERSION = YES;
				GCC_WARN_ABOUT_RETURN_TYPE = YES_ERROR;
				GCC_WARN_UNDECLARED_SELECTOR = YES;
				GCC_WARN_UNINITIALIZED_AUTOS = YES_AGGRESSIVE;
				GCC_WARN_UNUSED_FUNCTION = YES;
				GCC_WARN_UNUSED_VARIABLE = YES;
				MACOSX_DEPLOYMENT_TARGET = 10.11;
				MTL_ENABLE_DEBUG_INFO = NO;
				SDKROOT = macosx;
			};
			name = Release;
		};
		6036999E1DDF95020047BF46 /* Debug */ = {
			isa = XCBuildConfiguration;
			buildSettings = {
				HEADER_SEARCH_PATHS = /usr/local/include;
				LIBRARY_SEARCH_PATHS = /usr/local/lib;
				OTHER_LDFLAGS = (
					"-lopencv_stitching",
					"-lopencv_superres",
					"-lopencv_videostab",
					"-lopencv_aruco",
					"-lopencv_bgsegm",
					"-lopencv_bioinspired",
					"-lopencv_ccalib",
					"-lopencv_dnn",
					"-lopencv_dpm",
					"-lopencv_fuzzy",
					"-lopencv_line_descriptor",
					"-lopencv_optflow",
					"-lopencv_plot",
					"-lopencv_reg",
					"-lopencv_saliency",
					"-lopencv_stereo",
					"-lopencv_structured_light",
					"-lopencv_phase_unwrapping",
					"-lopencv_rgbd",
					"-lopencv_surface_matching",
					"-lopencv_tracking",
					"-lopencv_datasets",
					"-lopencv_text",
					"-lopencv_face",
					"-lopencv_xfeatures2d",
					"-lopencv_shape",
					"-lopencv_video",
					"-lopencv_ximgproc",
					"-lopencv_calib3d",
					"-lopencv_features2d",
					"-lopencv_flann",
					"-lopencv_xobjdetect",
					"-lopencv_objdetect",
					"-lopencv_ml",
					"-lopencv_xphoto",
					"-lopencv_highgui",
					"-lopencv_videoio",
					"-lopencv_imgcodecs",
					"-lopencv_photo",
					"-lopencv_imgproc",
					"-lopencv_core",
				);
				PRODUCT_NAME = "$(TARGET_NAME)";
			};
			name = Debug;
		};
		6036999F1DDF95020047BF46 /* Release */ = {
			isa = XCBuildConfiguration;
			buildSettings = {
				HEADER_SEARCH_PATHS = /usr/local/include;
				LIBRARY_SEARCH_PATHS = /usr/local/lib;
				OTHER_LDFLAGS = (
					"-lopencv_stitching",
					"-lopencv_superres",
					"-lopencv_videostab",
					"-lopencv_aruco",
					"-lopencv_bgsegm",
					"-lopencv_bioinspired",
					"-lopencv_ccalib",
					"-lopencv_dnn",
					"-lopencv_dpm",
					"-lopencv_fuzzy",
					"-lopencv_line_descriptor",
					"-lopencv_optflow",
					"-lopencv_plot",
					"-lopencv_reg",
					"-lopencv_saliency",
					"-lopencv_stereo",
					"-lopencv_structured_light",
					"-lopencv_phase_unwrapping",
					"-lopencv_rgbd",
					"-lopencv_surface_matching",
					"-lopencv_tracking",
					"-lopencv_datasets",
					"-lopencv_text",
					"-lopencv_face",
					"-lopencv_xfeatures2d",
					"-lopencv_shape",
					"-lopencv_video",
					"-lopencv_ximgproc",
					"-lopencv_calib3d",
					"-lopencv_features2d",
					"-lopencv_flann",
					"-lopencv_xobjdetect",
					"-lopencv_objdetect",
					"-lopencv_ml",
					"-lopencv_xphoto",
					"-lopencv_highgui",
					"-lopencv_videoio",
					"-lopencv_imgcodecs",
					"-lopencv_photo",
					"-lopencv_imgproc",
					"-lopencv_core",
				);
				PRODUCT_NAME = "$(TARGET_NAME)";
			};
			name = Release;
		};
/* End XCBuildConfiguration section */

/* Begin XCConfigurationList section */
		603699911DDF95020047BF46 /* Build configuration list for PBXProject "Camera Calibration" */ = {
			isa = XCConfigurationList;
			buildConfigurations = (
				6036999B1DDF95020047BF46 /* Debug */,
				6036999C1DDF95020047BF46 /* Release */,
			);
			defaultConfigurationIsVisible = 0;
			defaultConfigurationName = Release;
		};
		6036999D1DDF95020047BF46 /* Build configuration list for PBXNativeTarget "Camera Calibration" */ = {
			isa = XCConfigurationList;
			buildConfigurations = (
				6036999E1DDF95020047BF46 /* Debug */,
				6036999F1DDF95020047BF46 /* Release */,
			);
			defaultConfigurationIsVisible = 0;
			defaultConfigurationName = Release;
		};
/* End XCConfigurationList section */
	};
	rootObject = 6036998E1DDF95020047BF46 /* Project object */;
}
